// !$*UTF8*$!
{
	archiveVersion = 1;
	classes = {
	};
	objectVersion = 50;
	objects = {

/* Begin PBXBuildFile section */
		13BDE91625324DF700A76B17 /* AppDelegate.swift in Sources */ = {isa = PBXBuildFile; fileRef = 13BDE91525324DF700A76B17 /* AppDelegate.swift */; };
		13BDE91825324DF700A76B17 /* art.scnassets in Resources */ = {isa = PBXBuildFile; fileRef = 13BDE91725324DF700A76B17 /* art.scnassets */; };
		13BDE91A25324DF700A76B17 /* ViewController.swift in Sources */ = {isa = PBXBuildFile; fileRef = 13BDE91925324DF700A76B17 /* ViewController.swift */; };
		13BDE91D25324DF700A76B17 /* Main.storyboard in Resources */ = {isa = PBXBuildFile; fileRef = 13BDE91B25324DF700A76B17 /* Main.storyboard */; };
		13BDE91F25324DFA00A76B17 /* Assets.xcassets in Resources */ = {isa = PBXBuildFile; fileRef = 13BDE91E25324DFA00A76B17 /* Assets.xcassets */; };
		13BDE92225324DFA00A76B17 /* LaunchScreen.storyboard in Resources */ = {isa = PBXBuildFile; fileRef = 13BDE92025324DFA00A76B17 /* LaunchScreen.storyboard */; };
		13BDE92D25324DFA00A76B17 /* Ben_10_3D_CardsTests.swift in Sources */ = {isa = PBXBuildFile; fileRef = 13BDE92C25324DFA00A76B17 /* Ben_10_3D_CardsTests.swift */; };
		13BDE93825324DFA00A76B17 /* Ben_10_3D_CardsUITests.swift in Sources */ = {isa = PBXBuildFile; fileRef = 13BDE93725324DFA00A76B17 /* Ben_10_3D_CardsUITests.swift */; };
		555A2686253A95A000682182 /* HapticFeedback.swift in Sources */ = {isa = PBXBuildFile; fileRef = 555A2685253A95A000682182 /* HapticFeedback.swift */; };
/* End PBXBuildFile section */

/* Begin PBXContainerItemProxy section */
		13BDE92925324DFA00A76B17 /* PBXContainerItemProxy */ = {
			isa = PBXContainerItemProxy;
			containerPortal = 13BDE90A25324DF700A76B17 /* Project object */;
			proxyType = 1;
			remoteGlobalIDString = 13BDE91125324DF700A76B17;
			remoteInfo = "Ben 10 3D Cards";
		};
		13BDE93425324DFA00A76B17 /* PBXContainerItemProxy */ = {
			isa = PBXContainerItemProxy;
			containerPortal = 13BDE90A25324DF700A76B17 /* Project object */;
			proxyType = 1;
			remoteGlobalIDString = 13BDE91125324DF700A76B17;
			remoteInfo = "Ben 10 3D Cards";
		};
/* End PBXContainerItemProxy section */

/* Begin PBXFileReference section */
		13BDE91225324DF700A76B17 /* Ben 10 3D Cards.app */ = {isa = PBXFileReference; explicitFileType = wrapper.application; includeInIndex = 0; path = "Ben 10 3D Cards.app"; sourceTree = BUILT_PRODUCTS_DIR; };
		13BDE91525324DF700A76B17 /* AppDelegate.swift */ = {isa = PBXFileReference; lastKnownFileType = sourcecode.swift; path = AppDelegate.swift; sourceTree = "<group>"; };
		13BDE91725324DF700A76B17 /* art.scnassets */ = {isa = PBXFileReference; lastKnownFileType = wrapper.scnassets; path = art.scnassets; sourceTree = "<group>"; };
		13BDE91925324DF700A76B17 /* ViewController.swift */ = {isa = PBXFileReference; lastKnownFileType = sourcecode.swift; path = ViewController.swift; sourceTree = "<group>"; };
		13BDE91C25324DF700A76B17 /* Base */ = {isa = PBXFileReference; lastKnownFileType = file.storyboard; name = Base; path = Base.lproj/Main.storyboard; sourceTree = "<group>"; };
		13BDE91E25324DFA00A76B17 /* Assets.xcassets */ = {isa = PBXFileReference; lastKnownFileType = folder.assetcatalog; path = Assets.xcassets; sourceTree = "<group>"; };
		13BDE92125324DFA00A76B17 /* Base */ = {isa = PBXFileReference; lastKnownFileType = file.storyboard; name = Base; path = Base.lproj/LaunchScreen.storyboard; sourceTree = "<group>"; };
		13BDE92325324DFA00A76B17 /* Info.plist */ = {isa = PBXFileReference; lastKnownFileType = text.plist.xml; path = Info.plist; sourceTree = "<group>"; };
		13BDE92825324DFA00A76B17 /* Ben 10 3D CardsTests.xctest */ = {isa = PBXFileReference; explicitFileType = wrapper.cfbundle; includeInIndex = 0; path = "Ben 10 3D CardsTests.xctest"; sourceTree = BUILT_PRODUCTS_DIR; };
		13BDE92C25324DFA00A76B17 /* Ben_10_3D_CardsTests.swift */ = {isa = PBXFileReference; lastKnownFileType = sourcecode.swift; path = Ben_10_3D_CardsTests.swift; sourceTree = "<group>"; };
		13BDE92E25324DFA00A76B17 /* Info.plist */ = {isa = PBXFileReference; lastKnownFileType = text.plist.xml; path = Info.plist; sourceTree = "<group>"; };
		13BDE93325324DFA00A76B17 /* Ben 10 3D CardsUITests.xctest */ = {isa = PBXFileReference; explicitFileType = wrapper.cfbundle; includeInIndex = 0; path = "Ben 10 3D CardsUITests.xctest"; sourceTree = BUILT_PRODUCTS_DIR; };
		13BDE93725324DFA00A76B17 /* Ben_10_3D_CardsUITests.swift */ = {isa = PBXFileReference; lastKnownFileType = sourcecode.swift; path = Ben_10_3D_CardsUITests.swift; sourceTree = "<group>"; };
		13BDE93925324DFA00A76B17 /* Info.plist */ = {isa = PBXFileReference; lastKnownFileType = text.plist.xml; path = Info.plist; sourceTree = "<group>"; };
		555A2685253A95A000682182 /* HapticFeedback.swift */ = {isa = PBXFileReference; lastKnownFileType = sourcecode.swift; path = HapticFeedback.swift; sourceTree = "<group>"; };
/* End PBXFileReference section */

/* Begin PBXFrameworksBuildPhase section */
		13BDE90F25324DF700A76B17 /* Frameworks */ = {
			isa = PBXFrameworksBuildPhase;
			buildActionMask = 2147483647;
			files = (
			);
			runOnlyForDeploymentPostprocessing = 0;
		};
		13BDE92525324DFA00A76B17 /* Frameworks */ = {
			isa = PBXFrameworksBuildPhase;
			buildActionMask = 2147483647;
			files = (
			);
			runOnlyForDeploymentPostprocessing = 0;
		};
		13BDE93025324DFA00A76B17 /* Frameworks */ = {
			isa = PBXFrameworksBuildPhase;
			buildActionMask = 2147483647;
			files = (
			);
			runOnlyForDeploymentPostprocessing = 0;
		};
/* End PBXFrameworksBuildPhase section */

/* Begin PBXGroup section */
		13BDE90925324DF700A76B17 = {
			isa = PBXGroup;
			children = (
				13BDE91425324DF700A76B17 /* Ben 10 3D Cards */,
				13BDE92B25324DFA00A76B17 /* Ben 10 3D CardsTests */,
				13BDE93625324DFA00A76B17 /* Ben 10 3D CardsUITests */,
				13BDE91325324DF700A76B17 /* Products */,
			);
			sourceTree = "<group>";
		};
		13BDE91325324DF700A76B17 /* Products */ = {
			isa = PBXGroup;
			children = (
				13BDE91225324DF700A76B17 /* Ben 10 3D Cards.app */,
				13BDE92825324DFA00A76B17 /* Ben 10 3D CardsTests.xctest */,
				13BDE93325324DFA00A76B17 /* Ben 10 3D CardsUITests.xctest */,
			);
			name = Products;
			sourceTree = "<group>";
		};
		13BDE91425324DF700A76B17 /* Ben 10 3D Cards */ = {
			isa = PBXGroup;
			children = (
				13BDE91525324DF700A76B17 /* AppDelegate.swift */,
				13BDE91725324DF700A76B17 /* art.scnassets */,
				13BDE91925324DF700A76B17 /* ViewController.swift */,
				13BDE91B25324DF700A76B17 /* Main.storyboard */,
				13BDE91E25324DFA00A76B17 /* Assets.xcassets */,
				13BDE92025324DFA00A76B17 /* LaunchScreen.storyboard */,
				13BDE92325324DFA00A76B17 /* Info.plist */,
				555A2685253A95A000682182 /* HapticFeedback.swift */,
			);
			path = "Ben 10 3D Cards";
			sourceTree = "<group>";
		};
		13BDE92B25324DFA00A76B17 /* Ben 10 3D CardsTests */ = {
			isa = PBXGroup;
			children = (
				13BDE92C25324DFA00A76B17 /* Ben_10_3D_CardsTests.swift */,
				13BDE92E25324DFA00A76B17 /* Info.plist */,
			);
			path = "Ben 10 3D CardsTests";
			sourceTree = "<group>";
		};
		13BDE93625324DFA00A76B17 /* Ben 10 3D CardsUITests */ = {
			isa = PBXGroup;
			children = (
				13BDE93725324DFA00A76B17 /* Ben_10_3D_CardsUITests.swift */,
				13BDE93925324DFA00A76B17 /* Info.plist */,
			);
			path = "Ben 10 3D CardsUITests";
			sourceTree = "<group>";
		};
/* End PBXGroup section */

/* Begin PBXNativeTarget section */
		13BDE91125324DF700A76B17 /* Ben 10 3D Cards */ = {
			isa = PBXNativeTarget;
			buildConfigurationList = 13BDE93C25324DFA00A76B17 /* Build configuration list for PBXNativeTarget "Ben 10 3D Cards" */;
			buildPhases = (
				13BDE90E25324DF700A76B17 /* Sources */,
				13BDE90F25324DF700A76B17 /* Frameworks */,
				13BDE91025324DF700A76B17 /* Resources */,
			);
			buildRules = (
			);
			dependencies = (
			);
			name = "Ben 10 3D Cards";
			productName = "Ben 10 3D Cards";
			productReference = 13BDE91225324DF700A76B17 /* Ben 10 3D Cards.app */;
			productType = "com.apple.product-type.application";
		};
		13BDE92725324DFA00A76B17 /* Ben 10 3D CardsTests */ = {
			isa = PBXNativeTarget;
			buildConfigurationList = 13BDE93F25324DFA00A76B17 /* Build configuration list for PBXNativeTarget "Ben 10 3D CardsTests" */;
			buildPhases = (
				13BDE92425324DFA00A76B17 /* Sources */,
				13BDE92525324DFA00A76B17 /* Frameworks */,
				13BDE92625324DFA00A76B17 /* Resources */,
			);
			buildRules = (
			);
			dependencies = (
				13BDE92A25324DFA00A76B17 /* PBXTargetDependency */,
			);
			name = "Ben 10 3D CardsTests";
			productName = "Ben 10 3D CardsTests";
			productReference = 13BDE92825324DFA00A76B17 /* Ben 10 3D CardsTests.xctest */;
			productType = "com.apple.product-type.bundle.unit-test";
		};
		13BDE93225324DFA00A76B17 /* Ben 10 3D CardsUITests */ = {
			isa = PBXNativeTarget;
			buildConfigurationList = 13BDE94225324DFA00A76B17 /* Build configuration list for PBXNativeTarget "Ben 10 3D CardsUITests" */;
			buildPhases = (
				13BDE92F25324DFA00A76B17 /* Sources */,
				13BDE93025324DFA00A76B17 /* Frameworks */,
				13BDE93125324DFA00A76B17 /* Resources */,
			);
			buildRules = (
			);
			dependencies = (
				13BDE93525324DFA00A76B17 /* PBXTargetDependency */,
			);
			name = "Ben 10 3D CardsUITests";
			productName = "Ben 10 3D CardsUITests";
			productReference = 13BDE93325324DFA00A76B17 /* Ben 10 3D CardsUITests.xctest */;
			productType = "com.apple.product-type.bundle.ui-testing";
		};
/* End PBXNativeTarget section */

/* Begin PBXProject section */
		13BDE90A25324DF700A76B17 /* Project object */ = {
			isa = PBXProject;
			attributes = {
				LastSwiftUpdateCheck = 1200;
				LastUpgradeCheck = 1200;
				TargetAttributes = {
					13BDE91125324DF700A76B17 = {
						CreatedOnToolsVersion = 12.0.1;
					};
					13BDE92725324DFA00A76B17 = {
						CreatedOnToolsVersion = 12.0.1;
						TestTargetID = 13BDE91125324DF700A76B17;
					};
					13BDE93225324DFA00A76B17 = {
						CreatedOnToolsVersion = 12.0.1;
						TestTargetID = 13BDE91125324DF700A76B17;
					};
				};
			};
			buildConfigurationList = 13BDE90D25324DF700A76B17 /* Build configuration list for PBXProject "Ben 10 3D Cards" */;
			compatibilityVersion = "Xcode 9.3";
			developmentRegion = en;
			hasScannedForEncodings = 0;
			knownRegions = (
				en,
				Base,
			);
			mainGroup = 13BDE90925324DF700A76B17;
			productRefGroup = 13BDE91325324DF700A76B17 /* Products */;
			projectDirPath = "";
			projectRoot = "";
			targets = (
				13BDE91125324DF700A76B17 /* Ben 10 3D Cards */,
				13BDE92725324DFA00A76B17 /* Ben 10 3D CardsTests */,
				13BDE93225324DFA00A76B17 /* Ben 10 3D CardsUITests */,
			);
		};
/* End PBXProject section */

/* Begin PBXResourcesBuildPhase section */
		13BDE91025324DF700A76B17 /* Resources */ = {
			isa = PBXResourcesBuildPhase;
			buildActionMask = 2147483647;
			files = (
				13BDE91825324DF700A76B17 /* art.scnassets in Resources */,
				13BDE92225324DFA00A76B17 /* LaunchScreen.storyboard in Resources */,
				13BDE91F25324DFA00A76B17 /* Assets.xcassets in Resources */,
				13BDE91D25324DF700A76B17 /* Main.storyboard in Resources */,
			);
			runOnlyForDeploymentPostprocessing = 0;
		};
		13BDE92625324DFA00A76B17 /* Resources */ = {
			isa = PBXResourcesBuildPhase;
			buildActionMask = 2147483647;
			files = (
			);
			runOnlyForDeploymentPostprocessing = 0;
		};
		13BDE93125324DFA00A76B17 /* Resources */ = {
			isa = PBXResourcesBuildPhase;
			buildActionMask = 2147483647;
			files = (
			);
			runOnlyForDeploymentPostprocessing = 0;
		};
/* End PBXResourcesBuildPhase section */

/* Begin PBXSourcesBuildPhase section */
		13BDE90E25324DF700A76B17 /* Sources */ = {
			isa = PBXSourcesBuildPhase;
			buildActionMask = 2147483647;
			files = (
				13BDE91A25324DF700A76B17 /* ViewController.swift in Sources */,
				13BDE91625324DF700A76B17 /* AppDelegate.swift in Sources */,
				555A2686253A95A000682182 /* HapticFeedback.swift in Sources */,
			);
			runOnlyForDeploymentPostprocessing = 0;
		};
		13BDE92425324DFA00A76B17 /* Sources */ = {
			isa = PBXSourcesBuildPhase;
			buildActionMask = 2147483647;
			files = (
				13BDE92D25324DFA00A76B17 /* Ben_10_3D_CardsTests.swift in Sources */,
			);
			runOnlyForDeploymentPostprocessing = 0;
		};
		13BDE92F25324DFA00A76B17 /* Sources */ = {
			isa = PBXSourcesBuildPhase;
			buildActionMask = 2147483647;
			files = (
				13BDE93825324DFA00A76B17 /* Ben_10_3D_CardsUITests.swift in Sources */,
			);
			runOnlyForDeploymentPostprocessing = 0;
		};
/* End PBXSourcesBuildPhase section */

/* Begin PBXTargetDependency section */
		13BDE92A25324DFA00A76B17 /* PBXTargetDependency */ = {
			isa = PBXTargetDependency;
			target = 13BDE91125324DF700A76B17 /* Ben 10 3D Cards */;
			targetProxy = 13BDE92925324DFA00A76B17 /* PBXContainerItemProxy */;
		};
		13BDE93525324DFA00A76B17 /* PBXTargetDependency */ = {
			isa = PBXTargetDependency;
			target = 13BDE91125324DF700A76B17 /* Ben 10 3D Cards */;
			targetProxy = 13BDE93425324DFA00A76B17 /* PBXContainerItemProxy */;
		};
/* End PBXTargetDependency section */

/* Begin PBXVariantGroup section */
		13BDE91B25324DF700A76B17 /* Main.storyboard */ = {
			isa = PBXVariantGroup;
			children = (
				13BDE91C25324DF700A76B17 /* Base */,
			);
			name = Main.storyboard;
			sourceTree = "<group>";
		};
		13BDE92025324DFA00A76B17 /* LaunchScreen.storyboard */ = {
			isa = PBXVariantGroup;
			children = (
				13BDE92125324DFA00A76B17 /* Base */,
			);
			name = LaunchScreen.storyboard;
			sourceTree = "<group>";
		};
/* End PBXVariantGroup section */

/* Begin XCBuildConfiguration section */
		13BDE93A25324DFA00A76B17 /* Debug */ = {
			isa = XCBuildConfiguration;
			buildSettings = {
				ALWAYS_SEARCH_USER_PATHS = NO;
				CLANG_ANALYZER_NONNULL = YES;
				CLANG_ANALYZER_NUMBER_OBJECT_CONVERSION = YES_AGGRESSIVE;
				CLANG_CXX_LANGUAGE_STANDARD = "gnu++14";
				CLANG_CXX_LIBRARY = "libc++";
				CLANG_ENABLE_MODULES = YES;
				CLANG_ENABLE_OBJC_ARC = YES;
				CLANG_ENABLE_OBJC_WEAK = YES;
				CLANG_WARN_BLOCK_CAPTURE_AUTORELEASING = YES;
				CLANG_WARN_BOOL_CONVERSION = YES;
				CLANG_WARN_COMMA = YES;
				CLANG_WARN_CONSTANT_CONVERSION = YES;
				CLANG_WARN_DEPRECATED_OBJC_IMPLEMENTATIONS = YES;
				CLANG_WARN_DIRECT_OBJC_ISA_USAGE = YES_ERROR;
				CLANG_WARN_DOCUMENTATION_COMMENTS = YES;
				CLANG_WARN_EMPTY_BODY = YES;
				CLANG_WARN_ENUM_CONVERSION = YES;
				CLANG_WARN_INFINITE_RECURSION = YES;
				CLANG_WARN_INT_CONVERSION = YES;
				CLANG_WARN_NON_LITERAL_NULL_CONVERSION = YES;
				CLANG_WARN_OBJC_IMPLICIT_RETAIN_SELF = YES;
				CLANG_WARN_OBJC_LITERAL_CONVERSION = YES;
				CLANG_WARN_OBJC_ROOT_CLASS = YES_ERROR;
				CLANG_WARN_QUOTED_INCLUDE_IN_FRAMEWORK_HEADER = YES;
				CLANG_WARN_RANGE_LOOP_ANALYSIS = YES;
				CLANG_WARN_STRICT_PROTOTYPES = YES;
				CLANG_WARN_SUSPICIOUS_MOVE = YES;
				CLANG_WARN_UNGUARDED_AVAILABILITY = YES_AGGRESSIVE;
				CLANG_WARN_UNREACHABLE_CODE = YES;
				CLANG_WARN__DUPLICATE_METHOD_MATCH = YES;
				COPY_PHASE_STRIP = NO;
				DEBUG_INFORMATION_FORMAT = dwarf;
				ENABLE_STRICT_OBJC_MSGSEND = YES;
				ENABLE_TESTABILITY = YES;
				GCC_C_LANGUAGE_STANDARD = gnu11;
				GCC_DYNAMIC_NO_PIC = NO;
				GCC_NO_COMMON_BLOCKS = YES;
				GCC_OPTIMIZATION_LEVEL = 0;
				GCC_PREPROCESSOR_DEFINITIONS = (
					"DEBUG=1",
					"$(inherited)",
				);
				GCC_WARN_64_TO_32_BIT_CONVERSION = YES;
				GCC_WARN_ABOUT_RETURN_TYPE = YES_ERROR;
				GCC_WARN_UNDECLARED_SELECTOR = YES;
				GCC_WARN_UNINITIALIZED_AUTOS = YES_AGGRESSIVE;
				GCC_WARN_UNUSED_FUNCTION = YES;
				GCC_WARN_UNUSED_VARIABLE = YES;
				IPHONEOS_DEPLOYMENT_TARGET = 14.0;
				MTL_ENABLE_DEBUG_INFO = INCLUDE_SOURCE;
				MTL_FAST_MATH = YES;
				ONLY_ACTIVE_ARCH = YES;
				SDKROOT = iphoneos;
				SWIFT_ACTIVE_COMPILATION_CONDITIONS = DEBUG;
				SWIFT_OPTIMIZATION_LEVEL = "-Onone";
			};
			name = Debug;
		};
		13BDE93B25324DFA00A76B17 /* Release */ = {
			isa = XCBuildConfiguration;
			buildSettings = {
				ALWAYS_SEARCH_USER_PATHS = NO;
				CLANG_ANALYZER_NONNULL = YES;
				CLANG_ANALYZER_NUMBER_OBJECT_CONVERSION = YES_AGGRESSIVE;
				CLANG_CXX_LANGUAGE_STANDARD = "gnu++14";
				CLANG_CXX_LIBRARY = "libc++";
				CLANG_ENABLE_MODULES = YES;
				CLANG_ENABLE_OBJC_ARC = YES;
				CLANG_ENABLE_OBJC_WEAK = YES;
				CLANG_WARN_BLOCK_CAPTURE_AUTORELEASING = YES;
				CLANG_WARN_BOOL_CONVERSION = YES;
				CLANG_WARN_COMMA = YES;
				CLANG_WARN_CONSTANT_CONVERSION = YES;
				CLANG_WARN_DEPRECATED_OBJC_IMPLEMENTATIONS = YES;
				CLANG_WARN_DIRECT_OBJC_ISA_USAGE = YES_ERROR;
				CLANG_WARN_DOCUMENTATION_COMMENTS = YES;
				CLANG_WARN_EMPTY_BODY = YES;
				CLANG_WARN_ENUM_CONVERSION = YES;
				CLANG_WARN_INFINITE_RECURSION = YES;
				CLANG_WARN_INT_CONVERSION = YES;
				CLANG_WARN_NON_LITERAL_NULL_CONVERSION = YES;
				CLANG_WARN_OBJC_IMPLICIT_RETAIN_SELF = YES;
				CLANG_WARN_OBJC_LITERAL_CONVERSION = YES;
				CLANG_WARN_OBJC_ROOT_CLASS = YES_ERROR;
				CLANG_WARN_QUOTED_INCLUDE_IN_FRAMEWORK_HEADER = YES;
				CLANG_WARN_RANGE_LOOP_ANALYSIS = YES;
				CLANG_WARN_STRICT_PROTOTYPES = YES;
				CLANG_WARN_SUSPICIOUS_MOVE = YES;
				CLANG_WARN_UNGUARDED_AVAILABILITY = YES_AGGRESSIVE;
				CLANG_WARN_UNREACHABLE_CODE = YES;
				CLANG_WARN__DUPLICATE_METHOD_MATCH = YES;
				COPY_PHASE_STRIP = NO;
				DEBUG_INFORMATION_FORMAT = "dwarf-with-dsym";
				ENABLE_NS_ASSERTIONS = NO;
				ENABLE_STRICT_OBJC_MSGSEND = YES;
				GCC_C_LANGUAGE_STANDARD = gnu11;
				GCC_NO_COMMON_BLOCKS = YES;
				GCC_WARN_64_TO_32_BIT_CONVERSION = YES;
				GCC_WARN_ABOUT_RETURN_TYPE = YES_ERROR;
				GCC_WARN_UNDECLARED_SELECTOR = YES;
				GCC_WARN_UNINITIALIZED_AUTOS = YES_AGGRESSIVE;
				GCC_WARN_UNUSED_FUNCTION = YES;
				GCC_WARN_UNUSED_VARIABLE = YES;
				IPHONEOS_DEPLOYMENT_TARGET = 14.0;
				MTL_ENABLE_DEBUG_INFO = NO;
				MTL_FAST_MATH = YES;
				SDKROOT = iphoneos;
				SWIFT_COMPILATION_MODE = wholemodule;
				SWIFT_OPTIMIZATION_LEVEL = "-O";
				VALIDATE_PRODUCT = YES;
			};
			name = Release;
		};
		13BDE93D25324DFA00A76B17 /* Debug */ = {
			isa = XCBuildConfiguration;
			buildSettings = {
				ASSETCATALOG_COMPILER_APPICON_NAME = AppIcon;
				ASSETCATALOG_COMPILER_GLOBAL_ACCENT_COLOR_NAME = AccentColor;
				CODE_SIGN_STYLE = Automatic;
				DEVELOPMENT_TEAM = T6TXMQ82H9;
				INFOPLIST_FILE = "Ben 10 3D Cards/Info.plist";
				LD_RUNPATH_SEARCH_PATHS = (
					"$(inherited)",
					"@executable_path/Frameworks",
				);
				PRODUCT_BUNDLE_IDENTIFIER = com.HarshLondhekar.Measure;
				PRODUCT_NAME = "$(TARGET_NAME)";
				SWIFT_VERSION = 5.0;
				TARGETED_DEVICE_FAMILY = "1,2";
			};
			name = Debug;
		};
		13BDE93E25324DFA00A76B17 /* Release */ = {
			isa = XCBuildConfiguration;
			buildSettings = {
				ASSETCATALOG_COMPILER_APPICON_NAME = AppIcon;
				ASSETCATALOG_COMPILER_GLOBAL_ACCENT_COLOR_NAME = AccentColor;
				CODE_SIGN_STYLE = Automatic;
				DEVELOPMENT_TEAM = T6TXMQ82H9;
				INFOPLIST_FILE = "Ben 10 3D Cards/Info.plist";
				LD_RUNPATH_SEARCH_PATHS = (
					"$(inherited)",
					"@executable_path/Frameworks",
				);
				PRODUCT_BUNDLE_IDENTIFIER = com.HarshLondhekar.Measure;
				PRODUCT_NAME = "$(TARGET_NAME)";
				SWIFT_VERSION = 5.0;
				TARGETED_DEVICE_FAMILY = "1,2";
			};
			name = Release;
		};
		13BDE94025324DFA00A76B17 /* Debug */ = {
			isa = XCBuildConfiguration;
			buildSettings = {
				ALWAYS_EMBED_SWIFT_STANDARD_LIBRARIES = YES;
				BUNDLE_LOADER = "$(TEST_HOST)";
				CODE_SIGN_STYLE = Automatic;
				DEVELOPMENT_TEAM = T6TXMQ82H9;
				INFOPLIST_FILE = "Ben 10 3D CardsTests/Info.plist";
				IPHONEOS_DEPLOYMENT_TARGET = 14.0;
				LD_RUNPATH_SEARCH_PATHS = (
					"$(inherited)",
					"@executable_path/Frameworks",
					"@loader_path/Frameworks",
				);
				PRODUCT_BUNDLE_IDENTIFIER = "com.HarshLondhekar.Ben-10-3D-CardsTests";
				PRODUCT_NAME = "$(TARGET_NAME)";
				SWIFT_VERSION = 5.0;
				TARGETED_DEVICE_FAMILY = "1,2";
				TEST_HOST = "$(BUILT_PRODUCTS_DIR)/Ben 10 3D Cards.app/Ben 10 3D Cards";
			};
			name = Debug;
		};
		13BDE94125324DFA00A76B17 /* Release */ = {
			isa = XCBuildConfiguration;
			buildSettings = {
				ALWAYS_EMBED_SWIFT_STANDARD_LIBRARIES = YES;
				BUNDLE_LOADER = "$(TEST_HOST)";
				CODE_SIGN_STYLE = Automatic;
				DEVELOPMENT_TEAM = T6TXMQ82H9;
				INFOPLIST_FILE = "Ben 10 3D CardsTests/Info.plist";
				IPHONEOS_DEPLOYMENT_TARGET = 14.0;
				LD_RUNPATH_SEARCH_PATHS = (
					"$(inherited)",
					"@executable_path/Frameworks",
					"@loader_path/Frameworks",
				);
				PRODUCT_BUNDLE_IDENTIFIER = "com.HarshLondhekar.Ben-10-3D-CardsTests";
				PRODUCT_NAME = "$(TARGET_NAME)";
				SWIFT_VERSION = 5.0;
				TARGETED_DEVICE_FAMILY = "1,2";
				TEST_HOST = "$(BUILT_PRODUCTS_DIR)/Ben 10 3D Cards.app/Ben 10 3D Cards";
			};
			name = Release;
		};
		13BDE94325324DFA00A76B17 /* Debug */ = {
			isa = XCBuildConfiguration;
			buildSettings = {
				ALWAYS_EMBED_SWIFT_STANDARD_LIBRARIES = YES;
				CODE_SIGN_STYLE = Automatic;
				DEVELOPMENT_TEAM = T6TXMQ82H9;
				INFOPLIST_FILE = "Ben 10 3D CardsUITests/Info.plist";
				LD_RUNPATH_SEARCH_PATHS = (
					"$(inherited)",
					"@executable_path/Frameworks",
					"@loader_path/Frameworks",
				);
				PRODUCT_BUNDLE_IDENTIFIER = "com.HarshLondhekar.Ben-10-3D-CardsUITests";
				PRODUCT_NAME = "$(TARGET_NAME)";
				SWIFT_VERSION = 5.0;
				TARGETED_DEVICE_FAMILY = "1,2";
				TEST_TARGET_NAME = "Ben 10 3D Cards";
			};
			name = Debug;
		};
		13BDE94425324DFA00A76B17 /* Release */ = {
			isa = XCBuildConfiguration;
			buildSettings = {
				ALWAYS_EMBED_SWIFT_STANDARD_LIBRARIES = YES;
				CODE_SIGN_STYLE = Automatic;
				DEVELOPMENT_TEAM = T6TXMQ82H9;
				INFOPLIST_FILE = "Ben 10 3D CardsUITests/Info.plist";
				LD_RUNPATH_SEARCH_PATHS = (
					"$(inherited)",
					"@executable_path/Frameworks",
					"@loader_path/Frameworks",
				);
				PRODUCT_BUNDLE_IDENTIFIER = "com.HarshLondhekar.Ben-10-3D-CardsUITests";
				PRODUCT_NAME = "$(TARGET_NAME)";
				SWIFT_VERSION = 5.0;
				TARGETED_DEVICE_FAMILY = "1,2";
				TEST_TARGET_NAME = "Ben 10 3D Cards";
			};
			name = Release;
		};
/* End XCBuildConfiguration section */

/* Begin XCConfigurationList section */
		13BDE90D25324DF700A76B17 /* Build configuration list for PBXProject "Ben 10 3D Cards" */ = {
			isa = XCConfigurationList;
			buildConfigurations = (
				13BDE93A25324DFA00A76B17 /* Debug */,
				13BDE93B25324DFA00A76B17 /* Release */,
			);
			defaultConfigurationIsVisible = 0;
			defaultConfigurationName = Release;
		};
		13BDE93C25324DFA00A76B17 /* Build configuration list for PBXNativeTarget "Ben 10 3D Cards" */ = {
			isa = XCConfigurationList;
			buildConfigurations = (
				13BDE93D25324DFA00A76B17 /* Debug */,
				13BDE93E25324DFA00A76B17 /* Release */,
			);
			defaultConfigurationIsVisible = 0;
			defaultConfigurationName = Release;
		};
		13BDE93F25324DFA00A76B17 /* Build configuration list for PBXNativeTarget "Ben 10 3D CardsTests" */ = {
			isa = XCConfigurationList;
			buildConfigurations = (
				13BDE94025324DFA00A76B17 /* Debug */,
				13BDE94125324DFA00A76B17 /* Release */,
			);
			defaultConfigurationIsVisible = 0;
			defaultConfigurationName = Release;
		};
		13BDE94225324DFA00A76B17 /* Build configuration list for PBXNativeTarget "Ben 10 3D CardsUITests" */ = {
			isa = XCConfigurationList;
			buildConfigurations = (
				13BDE94325324DFA00A76B17 /* Debug */,
				13BDE94425324DFA00A76B17 /* Release */,
			);
			defaultConfigurationIsVisible = 0;
			defaultConfigurationName = Release;
		};
/* End XCConfigurationList section */
	};
	rootObject = 13BDE90A25324DF700A76B17 /* Project object */;
}
